
Microsoft Visual Studio Solution File, Format Version 12.00
# Visual Studio Version 17
VisualStudioVersion = 17.0.31903.59
MinimumVisualStudioVersion = 10.0.40219.1
Project("{2150E333-8FDC-42A3-9474-1A3956D46DE8}") = "tests", "tests", "{0AB3BF05-4346-4AA6-1389-037BE0695223}"
EndProject
Project("{FAE04EC0-301F-11D3-BF4B-00C04F79EFBC}") = "LCB_Clone.Api.Tests", "tests\LCB_Clone.Api.Tests\LCB_Clone.Api.Tests.csproj", "{9236237F-830B-4B93-8726-EDDE125D94A3}"
EndProject
Project("{2150E333-8FDC-42A3-9474-1A3956D46DE8}") = "src", "src", "{ECD6E598-4B32-4300-A49E-D5596B0531BC}"
EndProject
Project("{FAE04EC0-301F-11D3-BF4B-00C04F79EFBC}") = "LCB_Clone.Api", "src\LCB_Clone.Api\LCB_Clone.Api.csproj", "{9E94CEE8-04C9-4D76-9527-3B017D63B0C3}"
EndProject
Project("{FAE04EC0-301F-11D3-BF4B-00C04F79EFBC}") = "LCB_Clone.Shared", "src\LCB_Clone.Shared\LCB_Clone.Shared.csproj", "{16688497-C034-4FD8-8351-F47D839BEC50}"
EndProject
Project("{FAE04EC0-301F-11D3-BF4B-00C04F79EFBC}") = "LCB_Clone.Web", "src\LCB_Clone.Web\LCB_Clone.Web.csproj", "{B27248FB-E5B4-4660-8CE0-5C11884E0682}"
EndProject
Global
	GlobalSection(SolutionConfigurationPlatforms) = preSolution
		Debug|Any CPU = Debug|Any CPU
		Debug|x64 = Debug|x64
		Debug|x86 = Debug|x86
		Release|Any CPU = Release|Any CPU
		Release|x64 = Release|x64
		Release|x86 = Release|x86
	EndGlobalSection
	GlobalSection(ProjectConfigurationPlatforms) = postSolution
		{9236237F-830B-4B93-8726-EDDE125D94A3}.Debug|Any CPU.ActiveCfg = Debug|Any CPU
		{9236237F-830B-4B93-8726-EDDE125D94A3}.Debug|Any CPU.Build.0 = Debug|Any CPU
		{9236237F-830B-4B93-8726-EDDE125D94A3}.Debug|x64.ActiveCfg = Debug|Any CPU
		{9236237F-830B-4B93-8726-EDDE125D94A3}.Debug|x64.Build.0 = Debug|Any CPU
		{9236237F-830B-4B93-8726-EDDE125D94A3}.Debug|x86.ActiveCfg = Debug|Any CPU
		{9236237F-830B-4B93-8726-EDDE125D94A3}.Debug|x86.Build.0 = Debug|Any CPU
		{9236237F-830B-4B93-8726-EDDE125D94A3}.Release|Any CPU.ActiveCfg = Release|Any CPU
		{9236237F-830B-4B93-8726-EDDE125D94A3}.Release|Any CPU.Build.0 = Release|Any CPU
		{9236237F-830B-4B93-8726-EDDE125D94A3}.Release|x64.ActiveCfg = Release|Any CPU
		{9236237F-830B-4B93-8726-EDDE125D94A3}.Release|x64.Build.0 = Release|Any CPU
		{9236237F-830B-4B93-8726-EDDE125D94A3}.Release|x86.ActiveCfg = Release|Any CPU
		{9236237F-830B-4B93-8726-EDDE125D94A3}.Release|x86.Build.0 = Release|Any CPU
		{9E94CEE8-04C9-4D76-9527-3B017D63B0C3}.Debug|Any CPU.ActiveCfg = Debug|Any CPU
		{9E94CEE8-04C9-4D76-9527-3B017D63B0C3}.Debug|Any CPU.Build.0 = Debug|Any CPU
		{9E94CEE8-04C9-4D76-9527-3B017D63B0C3}.Debug|x64.ActiveCfg = Debug|Any CPU
		{9E94CEE8-04C9-4D76-9527-3B017D63B0C3}.Debug|x64.Build.0 = Debug|Any CPU
		{9E94CEE8-04C9-4D76-9527-3B017D63B0C3}.Debug|x86.ActiveCfg = Debug|Any CPU
		{9E94CEE8-04C9-4D76-9527-3B017D63B0C3}.Debug|x86.Build.0 = Debug|Any CPU
		{9E94CEE8-04C9-4D76-9527-3B017D63B0C3}.Release|Any CPU.ActiveCfg = Release|Any CPU
		{9E94CEE8-04C9-4D76-9527-3B017D63B0C3}.Release|Any CPU.Build.0 = Release|Any CPU
		{9E94CEE8-04C9-4D76-9527-3B017D63B0C3}.Release|x64.ActiveCfg = Release|Any CPU
		{9E94CEE8-04C9-4D76-9527-3B017D63B0C3}.Release|x64.Build.0 = Release|Any CPU
		{9E94CEE8-04C9-4D76-9527-3B017D63B0C3}.Release|x86.ActiveCfg = Release|Any CPU
		{9E94CEE8-04C9-4D76-9527-3B017D63B0C3}.Release|x86.Build.0 = Release|Any CPU
		{16688497-C034-4FD8-8351-F47D839BEC50}.Debug|Any CPU.ActiveCfg = Debug|Any CPU
		{16688497-C034-4FD8-8351-F47D839BEC50}.Debug|Any CPU.Build.0 = Debug|Any CPU
		{16688497-C034-4FD8-8351-F47D839BEC50}.Debug|x64.ActiveCfg = Debug|Any CPU
		{16688497-C034-4FD8-8351-F47D839BEC50}.Debug|x64.Build.0 = Debug|Any CPU
		{16688497-C034-4FD8-8351-F47D839BEC50}.Debug|x86.ActiveCfg = Debug|Any CPU
		{16688497-C034-4FD8-8351-F47D839BEC50}.Debug|x86.Build.0 = Debug|Any CPU
		{16688497-C034-4FD8-8351-F47D839BEC50}.Release|Any CPU.ActiveCfg = Release|Any CPU
		{16688497-C034-4FD8-8351-F47D839BEC50}.Release|Any CPU.Build.0 = Release|Any CPU
		{16688497-C034-4FD8-8351-F47D839BEC50}.Release|x64.ActiveCfg = Release|Any CPU
		{16688497-C034-4FD8-8351-F47D839BEC50}.Release|x64.Build.0 = Release|Any CPU
		{16688497-C034-4FD8-8351-F47D839BEC50}.Release|x86.ActiveCfg = Release|Any CPU
		{16688497-C034-4FD8-8351-F47D839BEC50}.Release|x86.Build.0 = Release|Any CPU
		{B27248FB-E5B4-4660-8CE0-5C11884E0682}.Debug|Any CPU.ActiveCfg = Debug|Any CPU
		{B27248FB-E5B4-4660-8CE0-5C11884E0682}.Debug|Any CPU.Build.0 = Debug|Any CPU
		{B27248FB-E5B4-4660-8CE0-5C11884E0682}.Debug|x64.ActiveCfg = Debug|Any CPU
		{B27248FB-E5B4-4660-8CE0-5C11884E0682}.Debug|x64.Build.0 = Debug|Any CPU
		{B27248FB-E5B4-4660-8CE0-5C11884E0682}.Debug|x86.ActiveCfg = Debug|Any CPU
		{B27248FB-E5B4-4660-8CE0-5C11884E0682}.Debug|x86.Build.0 = Debug|Any CPU
		{B27248FB-E5B4-4660-8CE0-5C11884E0682}.Release|Any CPU.ActiveCfg = Release|Any CPU
		{B27248FB-E5B4-4660-8CE0-5C11884E0682}.Release|Any CPU.Build.0 = Release|Any CPU
		{B27248FB-E5B4-4660-8CE0-5C11884E0682}.Release|x64.ActiveCfg = Release|Any CPU
		{B27248FB-E5B4-4660-8CE0-5C11884E0682}.Release|x64.Build.0 = Release|Any CPU
		{B27248FB-E5B4-4660-8CE0-5C11884E0682}.Release|x86.ActiveCfg = Release|Any CPU
		{B27248FB-E5B4-4660-8CE0-5C11884E0682}.Release|x86.Build.0 = Release|Any CPU
	EndGlobalSection
	GlobalSection(SolutionProperties) = preSolution
		HideSolutionNode = FALSE
	EndGlobalSection
	GlobalSection(NestedProjects) = preSolution
		{9236237F-830B-4B93-8726-EDDE125D94A3} = {0AB3BF05-4346-4AA6-1389-037BE0695223}
		{9E94CEE8-04C9-4D76-9527-3B017D63B0C3} = {ECD6E598-4B32-4300-A49E-D5596B0531BC}
		{16688497-C034-4FD8-8351-F47D839BEC50} = {ECD6E598-4B32-4300-A49E-D5596B0531BC}
		{B27248FB-E5B4-4660-8CE0-5C11884E0682} = {ECD6E598-4B32-4300-A49E-D5596B0531BC}
	EndGlobalSection
EndGlobal
